
Microsoft Visual Studio Solution File, Format Version 11.00
# Visual C# Express 2010
Project("{FAE04EC0-301F-11D3-BF4B-00C04F79EFBC}") = "18F4550USBDemoBoard_VCS", "18F4550USBDemoBoard_VCS\18F4550USBDemoBoard_VCS.csproj", "{A9589624-8498-4A12-91CD-819C0B04B930}"
EndProject
Global
	GlobalSection(SolutionConfigurationPlatforms) = preSolution
		Debug|x86 = Debug|x86
		Release|x86 = Release|x86
	EndGlobalSection
	GlobalSection(ProjectConfigurationPlatforms) = postSolution
		{A9589624-8498-4A12-91CD-819C0B04B930}.Debug|x86.ActiveCfg = Debug|x86
		{A9589624-8498-4A12-91CD-819C0B04B930}.Debug|x86.Build.0 = Debug|x86
		{A9589624-8498-4A12-91CD-819C0B04B930}.Release|x86.ActiveCfg = Release|x86
		{A9589624-8498-4A12-91CD-819C0B04B930}.Release|x86.Build.0 = Release|x86
	EndGlobalSection
	GlobalSection(SolutionProperties) = preSolution
		HideSolutionNode = FALSE
	EndGlobalSection
EndGlobal
